// !$*UTF8*$!
{
	archiveVersion = 1;
	classes = {
	};
	objectVersion = 51;
	objects = {

/* Begin PBXBuildFile section */
		D61AE6E326623B3E0080AA5C /* CategoriesScrollView.swift in Sources */ = {isa = PBXBuildFile; fileRef = D61AE6E226623B3E0080AA5C /* CategoriesScrollView.swift */; };
		D61AE6E626628A0C0080AA5C /* CatigoriesView.swift in Sources */ = {isa = PBXBuildFile; fileRef = D61AE6E526628A0C0080AA5C /* CatigoriesView.swift */; };
		D6354D85267A6833007040DE /* CodesUITests.swift in Sources */ = {isa = PBXBuildFile; fileRef = D6354D84267A6833007040DE /* CodesUITests.swift */; };
		D64B93672655D13F00CF85B9 /* AddButton.swift in Sources */ = {isa = PBXBuildFile; fileRef = D64B93662655D13F00CF85B9 /* AddButton.swift */; };
		D68B5D0E265C9F1000EE5159 /* SettingsView.swift in Sources */ = {isa = PBXBuildFile; fileRef = D68B5D0D265C9F1000EE5159 /* SettingsView.swift */; };
		D6A34E5B26886EC5005DFEC5 /* SearchBar.swift in Sources */ = {isa = PBXBuildFile; fileRef = D6A34E5A26886EC5005DFEC5 /* SearchBar.swift */; };
		D6A34E5D268A3A09005DFEC5 /* StoresView.swift in Sources */ = {isa = PBXBuildFile; fileRef = D6A34E5C268A3A09005DFEC5 /* StoresView.swift */; };
		D6A9777C2639D552003422B3 /* CodesApp.swift in Sources */ = {isa = PBXBuildFile; fileRef = D6A9777B2639D552003422B3 /* CodesApp.swift */; };
		D6A9777E2639D552003422B3 /* ContentView.swift in Sources */ = {isa = PBXBuildFile; fileRef = D6A9777D2639D552003422B3 /* ContentView.swift */; };
		D6A977802639D553003422B3 /* Assets.xcassets in Resources */ = {isa = PBXBuildFile; fileRef = D6A9777F2639D553003422B3 /* Assets.xcassets */; };
		D6A977832639D553003422B3 /* Preview Assets.xcassets in Resources */ = {isa = PBXBuildFile; fileRef = D6A977822639D553003422B3 /* Preview Assets.xcassets */; };
		D6A9778C2639D985003422B3 /* GoogleService-Info.plist in Resources */ = {isa = PBXBuildFile; fileRef = D6A9778B2639D985003422B3 /* GoogleService-Info.plist */; };
		D6A978492639DDE6003422B3 /* Store.swift in Sources */ = {isa = PBXBuildFile; fileRef = D6A978482639DDE6003422B3 /* Store.swift */; };
		D6A9784E2639DEB2003422B3 /* FireStoreManager.swift in Sources */ = {isa = PBXBuildFile; fileRef = D6A9784D2639DEB2003422B3 /* FireStoreManager.swift */; };
		D6A978572639E953003422B3 /* View+Extensions.swift in Sources */ = {isa = PBXBuildFile; fileRef = D6A978562639E953003422B3 /* View+Extensions.swift */; };
		D6A9785C2639EB93003422B3 /* StoreListVM.swift in Sources */ = {isa = PBXBuildFile; fileRef = D6A9785B2639EB93003422B3 /* StoreListVM.swift */; };
		D6AAA99226534DCD0097D571 /* TestCells.swift in Sources */ = {isa = PBXBuildFile; fileRef = D6AAA99126534DCD0097D571 /* TestCells.swift */; };
		D6B34FB92691D61E00F3984C /* Launch Screen.storyboard in Resources */ = {isa = PBXBuildFile; fileRef = D6B34FB82691D61E00F3984C /* Launch Screen.storyboard */; };
		D6B6CE0B263C1A34006EAF64 /* StoreCode.swift in Sources */ = {isa = PBXBuildFile; fileRef = D6B6CE0A263C1A34006EAF64 /* StoreCode.swift */; };
		D6B6CE0E263C1B43006EAF64 /* StoreCodesVM.swift in Sources */ = {isa = PBXBuildFile; fileRef = D6B6CE0D263C1B43006EAF64 /* StoreCodesVM.swift */; };
		D6B6CE11263C2286006EAF64 /* StoreCodesListView.swift in Sources */ = {isa = PBXBuildFile; fileRef = D6B6CE10263C2286006EAF64 /* StoreCodesListView.swift */; };
		D6B6CE17263C2DE3006EAF64 /* AddCodeView.swift in Sources */ = {isa = PBXBuildFile; fileRef = D6B6CE16263C2DE3006EAF64 /* AddCodeView.swift */; };
		D6B6CE1A263C2E27006EAF64 /* AddCodeVM.swift in Sources */ = {isa = PBXBuildFile; fileRef = D6B6CE19263C2E27006EAF64 /* AddCodeVM.swift */; };
		D6B6CE2026405BC6006EAF64 /* CreateUserVM.swift in Sources */ = {isa = PBXBuildFile; fileRef = D6B6CE1F26405BC6006EAF64 /* CreateUserVM.swift */; };
		D6B6CE2326407999006EAF64 /* User.swift in Sources */ = {isa = PBXBuildFile; fileRef = D6B6CE2226407999006EAF64 /* User.swift */; };
		D6B6CE4C26484A0F006EAF64 /* MainView.swift in Sources */ = {isa = PBXBuildFile; fileRef = D6B6CE4B26484A0F006EAF64 /* MainView.swift */; };
		D6B7E4DA265BF1F6006CBD55 /* SpecialCodeCell.swift in Sources */ = {isa = PBXBuildFile; fileRef = D6B7E4D9265BF1F6006CBD55 /* SpecialCodeCell.swift */; };
		D6B7E4DF265BFE63006CBD55 /* normalCodeCell.swift in Sources */ = {isa = PBXBuildFile; fileRef = D6B7E4DE265BFE63006CBD55 /* normalCodeCell.swift */; };
		D6B9E3D3265216F000C0E764 /* CodesView.swift in Sources */ = {isa = PBXBuildFile; fileRef = D6B9E3D2265216F000C0E764 /* CodesView.swift */; };
		D6B9E3D6265229B000C0E764 /* CopyHUD.swift in Sources */ = {isa = PBXBuildFile; fileRef = D6B9E3D5265229B000C0E764 /* CopyHUD.swift */; };
		D6B9E3D926532D8F00C0E764 /* CodeWithVotesView.swift in Sources */ = {isa = PBXBuildFile; fileRef = D6B9E3D826532D8E00C0E764 /* CodeWithVotesView.swift */; };
		D6BD0AB726691DE600D591DC /* PullToRefreshView.swift in Sources */ = {isa = PBXBuildFile; fileRef = D6BD0AB626691DE600D591DC /* PullToRefreshView.swift */; };
/* End PBXBuildFile section */

/* Begin PBXContainerItemProxy section */
		D6354D87267A6833007040DE /* PBXContainerItemProxy */ = {
			isa = PBXContainerItemProxy;
			containerPortal = D6A977702639D552003422B3 /* Project object */;
			proxyType = 1;
			remoteGlobalIDString = D6A977772639D552003422B3;
			remoteInfo = Codes;
		};
/* End PBXContainerItemProxy section */

/* Begin PBXFileReference section */
		60015501F9806FAEE609B3B2 /* Pods-Codes.debug.xcconfig */ = {isa = PBXFileReference; includeInIndex = 1; lastKnownFileType = text.xcconfig; name = "Pods-Codes.debug.xcconfig"; path = "Target Support Files/Pods-Codes/Pods-Codes.debug.xcconfig"; sourceTree = "<group>"; };
		BFFED731E17CB2D82573189F /* Pods_Codes.framework */ = {isa = PBXFileReference; explicitFileType = wrapper.framework; includeInIndex = 0; path = Pods_Codes.framework; sourceTree = BUILT_PRODUCTS_DIR; };
		D61AE6E226623B3E0080AA5C /* CategoriesScrollView.swift */ = {isa = PBXFileReference; lastKnownFileType = sourcecode.swift; path = CategoriesScrollView.swift; sourceTree = "<group>"; };
		D61AE6E526628A0C0080AA5C /* CatigoriesView.swift */ = {isa = PBXFileReference; lastKnownFileType = sourcecode.swift; path = CatigoriesView.swift; sourceTree = "<group>"; };
		D6354D82267A6833007040DE /* CodesUITests.xctest */ = {isa = PBXFileReference; explicitFileType = wrapper.cfbundle; includeInIndex = 0; path = CodesUITests.xctest; sourceTree = BUILT_PRODUCTS_DIR; };
		D6354D84267A6833007040DE /* CodesUITests.swift */ = {isa = PBXFileReference; lastKnownFileType = sourcecode.swift; path = CodesUITests.swift; sourceTree = "<group>"; };
		D6354D86267A6833007040DE /* Info.plist */ = {isa = PBXFileReference; lastKnownFileType = text.plist.xml; path = Info.plist; sourceTree = "<group>"; };
		D64B93662655D13F00CF85B9 /* AddButton.swift */ = {isa = PBXFileReference; lastKnownFileType = sourcecode.swift; path = AddButton.swift; sourceTree = "<group>"; };
		D68B5D0D265C9F1000EE5159 /* SettingsView.swift */ = {isa = PBXFileReference; lastKnownFileType = sourcecode.swift; path = SettingsView.swift; sourceTree = "<group>"; };
		D6A34E5A26886EC5005DFEC5 /* SearchBar.swift */ = {isa = PBXFileReference; lastKnownFileType = sourcecode.swift; path = SearchBar.swift; sourceTree = "<group>"; };
		D6A34E5C268A3A09005DFEC5 /* StoresView.swift */ = {isa = PBXFileReference; lastKnownFileType = sourcecode.swift; path = StoresView.swift; sourceTree = "<group>"; };
		D6A977782639D552003422B3 /* Codes.app */ = {isa = PBXFileReference; explicitFileType = wrapper.application; includeInIndex = 0; path = Codes.app; sourceTree = BUILT_PRODUCTS_DIR; };
		D6A9777B2639D552003422B3 /* CodesApp.swift */ = {isa = PBXFileReference; lastKnownFileType = sourcecode.swift; path = CodesApp.swift; sourceTree = "<group>"; };
		D6A9777D2639D552003422B3 /* ContentView.swift */ = {isa = PBXFileReference; lastKnownFileType = sourcecode.swift; path = ContentView.swift; sourceTree = "<group>"; };
		D6A9777F2639D553003422B3 /* Assets.xcassets */ = {isa = PBXFileReference; lastKnownFileType = folder.assetcatalog; path = Assets.xcassets; sourceTree = "<group>"; };
		D6A977822639D553003422B3 /* Preview Assets.xcassets */ = {isa = PBXFileReference; lastKnownFileType = folder.assetcatalog; path = "Preview Assets.xcassets"; sourceTree = "<group>"; };
		D6A977842639D553003422B3 /* Info.plist */ = {isa = PBXFileReference; lastKnownFileType = text.plist.xml; path = Info.plist; sourceTree = "<group>"; };
		D6A9778B2639D985003422B3 /* GoogleService-Info.plist */ = {isa = PBXFileReference; fileEncoding = 4; lastKnownFileType = text.plist.xml; path = "GoogleService-Info.plist"; sourceTree = "<group>"; };
		D6A978482639DDE6003422B3 /* Store.swift */ = {isa = PBXFileReference; lastKnownFileType = sourcecode.swift; path = Store.swift; sourceTree = "<group>"; };
		D6A9784D2639DEB2003422B3 /* FireStoreManager.swift */ = {isa = PBXFileReference; lastKnownFileType = sourcecode.swift; path = FireStoreManager.swift; sourceTree = "<group>"; };
		D6A978562639E953003422B3 /* View+Extensions.swift */ = {isa = PBXFileReference; fileEncoding = 4; lastKnownFileType = sourcecode.swift; path = "View+Extensions.swift"; sourceTree = "<group>"; };
		D6A9785B2639EB93003422B3 /* StoreListVM.swift */ = {isa = PBXFileReference; lastKnownFileType = sourcecode.swift; path = StoreListVM.swift; sourceTree = "<group>"; };
		D6AAA99126534DCD0097D571 /* TestCells.swift */ = {isa = PBXFileReference; lastKnownFileType = sourcecode.swift; path = TestCells.swift; sourceTree = "<group>"; };
		D6B34FB82691D61E00F3984C /* Launch Screen.storyboard */ = {isa = PBXFileReference; lastKnownFileType = file.storyboard; path = "Launch Screen.storyboard"; sourceTree = "<group>"; };
		D6B6CE0A263C1A34006EAF64 /* StoreCode.swift */ = {isa = PBXFileReference; lastKnownFileType = sourcecode.swift; path = StoreCode.swift; sourceTree = "<group>"; };
		D6B6CE0D263C1B43006EAF64 /* StoreCodesVM.swift */ = {isa = PBXFileReference; lastKnownFileType = sourcecode.swift; path = StoreCodesVM.swift; sourceTree = "<group>"; };
		D6B6CE10263C2286006EAF64 /* StoreCodesListView.swift */ = {isa = PBXFileReference; lastKnownFileType = sourcecode.swift; path = StoreCodesListView.swift; sourceTree = "<group>"; };
		D6B6CE16263C2DE3006EAF64 /* AddCodeView.swift */ = {isa = PBXFileReference; lastKnownFileType = sourcecode.swift; path = AddCodeView.swift; sourceTree = "<group>"; };
		D6B6CE19263C2E27006EAF64 /* AddCodeVM.swift */ = {isa = PBXFileReference; lastKnownFileType = sourcecode.swift; path = AddCodeVM.swift; sourceTree = "<group>"; };
		D6B6CE1F26405BC6006EAF64 /* CreateUserVM.swift */ = {isa = PBXFileReference; lastKnownFileType = sourcecode.swift; path = CreateUserVM.swift; sourceTree = "<group>"; };
		D6B6CE2226407999006EAF64 /* User.swift */ = {isa = PBXFileReference; lastKnownFileType = sourcecode.swift; path = User.swift; sourceTree = "<group>"; };
		D6B6CE4B26484A0F006EAF64 /* MainView.swift */ = {isa = PBXFileReference; lastKnownFileType = sourcecode.swift; path = MainView.swift; sourceTree = "<group>"; };
		D6B7E4D9265BF1F6006CBD55 /* SpecialCodeCell.swift */ = {isa = PBXFileReference; lastKnownFileType = sourcecode.swift; path = SpecialCodeCell.swift; sourceTree = "<group>"; };
		D6B7E4DE265BFE63006CBD55 /* normalCodeCell.swift */ = {isa = PBXFileReference; lastKnownFileType = sourcecode.swift; path = normalCodeCell.swift; sourceTree = "<group>"; };
		D6B9E3D2265216F000C0E764 /* CodesView.swift */ = {isa = PBXFileReference; lastKnownFileType = sourcecode.swift; path = CodesView.swift; sourceTree = "<group>"; };
		D6B9E3D5265229B000C0E764 /* CopyHUD.swift */ = {isa = PBXFileReference; lastKnownFileType = sourcecode.swift; path = CopyHUD.swift; sourceTree = "<group>"; };
		D6B9E3D826532D8E00C0E764 /* CodeWithVotesView.swift */ = {isa = PBXFileReference; lastKnownFileType = sourcecode.swift; path = CodeWithVotesView.swift; sourceTree = "<group>"; };
		D6BD0AB626691DE600D591DC /* PullToRefreshView.swift */ = {isa = PBXFileReference; lastKnownFileType = sourcecode.swift; path = PullToRefreshView.swift; sourceTree = "<group>"; };
		D6EEDC29266FD36400566268 /* Codes.entitlements */ = {isa = PBXFileReference; lastKnownFileType = text.plist.entitlements; path = Codes.entitlements; sourceTree = "<group>"; };
		E8831FC40442C47D6AEC1A10 /* Pods-Codes.release.xcconfig */ = {isa = PBXFileReference; includeInIndex = 1; lastKnownFileType = text.xcconfig; name = "Pods-Codes.release.xcconfig"; path = "Target Support Files/Pods-Codes/Pods-Codes.release.xcconfig"; sourceTree = "<group>"; };
/* End PBXFileReference section */

/* Begin PBXFrameworksBuildPhase section */
		D6354D7F267A6833007040DE /* Frameworks */ = {
			isa = PBXFrameworksBuildPhase;
			buildActionMask = 2147483647;
			files = (
			);
			runOnlyForDeploymentPostprocessing = 0;
		};
		D6A977752639D552003422B3 /* Frameworks */ = {
			isa = PBXFrameworksBuildPhase;
			buildActionMask = 2147483647;
			files = (
			);
			runOnlyForDeploymentPostprocessing = 0;
		};
/* End PBXFrameworksBuildPhase section */

/* Begin PBXGroup section */
		96620A9570E6CB12D1C14C4B /* Pods */ = {
			isa = PBXGroup;
			children = (
				60015501F9806FAEE609B3B2 /* Pods-Codes.debug.xcconfig */,
				E8831FC40442C47D6AEC1A10 /* Pods-Codes.release.xcconfig */,
			);
			path = Pods;
			sourceTree = "<group>";
		};
		C56C75DBE5F92919A3858D51 /* Frameworks */ = {
			isa = PBXGroup;
			children = (
				BFFED731E17CB2D82573189F /* Pods_Codes.framework */,
			);
			name = Frameworks;
			sourceTree = "<group>";
		};
		D6354D83267A6833007040DE /* CodesUITests */ = {
			isa = PBXGroup;
			children = (
				D6354D84267A6833007040DE /* CodesUITests.swift */,
				D6354D86267A6833007040DE /* Info.plist */,
			);
			path = CodesUITests;
			sourceTree = "<group>";
		};
		D6A9776F2639D552003422B3 = {
			isa = PBXGroup;
			children = (
				D6A9777A2639D552003422B3 /* Codes */,
				D6354D83267A6833007040DE /* CodesUITests */,
				D6A977792639D552003422B3 /* Products */,
				96620A9570E6CB12D1C14C4B /* Pods */,
				C56C75DBE5F92919A3858D51 /* Frameworks */,
			);
			sourceTree = "<group>";
		};
		D6A977792639D552003422B3 /* Products */ = {
			isa = PBXGroup;
			children = (
				D6A977782639D552003422B3 /* Codes.app */,
				D6354D82267A6833007040DE /* CodesUITests.xctest */,
			);
			name = Products;
			sourceTree = "<group>";
		};
		D6A9777A2639D552003422B3 /* Codes */ = {
			isa = PBXGroup;
			children = (
				D6EEDC29266FD36400566268 /* Codes.entitlements */,
				D6A978592639E969003422B3 /* Extensions */,
				D6A9784B2639DDEC003422B3 /* Models */,
				D6A978512639DEB6003422B3 /* Managers */,
				D6A9785E2639EB9A003422B3 /* View Models */,
				D6B6CE13263C2289006EAF64 /* Views */,
				D6A9777B2639D552003422B3 /* CodesApp.swift */,
				D6A9777D2639D552003422B3 /* ContentView.swift */,
				D6A9777F2639D553003422B3 /* Assets.xcassets */,
				D6A9778B2639D985003422B3 /* GoogleService-Info.plist */,
				D6A977842639D553003422B3 /* Info.plist */,
				D6A977812639D553003422B3 /* Preview Content */,
			);
			path = Codes;
			sourceTree = "<group>";
		};
		D6A977812639D553003422B3 /* Preview Content */ = {
			isa = PBXGroup;
			children = (
				D6A977822639D553003422B3 /* Preview Assets.xcassets */,
			);
			path = "Preview Content";
			sourceTree = "<group>";
		};
		D6A9784B2639DDEC003422B3 /* Models */ = {
			isa = PBXGroup;
			children = (
				D6A978482639DDE6003422B3 /* Store.swift */,
				D6B6CE0A263C1A34006EAF64 /* StoreCode.swift */,
				D6B6CE2226407999006EAF64 /* User.swift */,
			);
			path = Models;
			sourceTree = "<group>";
		};
		D6A978512639DEB6003422B3 /* Managers */ = {
			isa = PBXGroup;
			children = (
				D6A9784D2639DEB2003422B3 /* FireStoreManager.swift */,
			);
			path = Managers;
			sourceTree = "<group>";
		};
		D6A978592639E969003422B3 /* Extensions */ = {
			isa = PBXGroup;
			children = (
				D6A978562639E953003422B3 /* View+Extensions.swift */,
			);
			path = Extensions;
			sourceTree = "<group>";
		};
		D6A9785E2639EB9A003422B3 /* View Models */ = {
			isa = PBXGroup;
			children = (
				D6A9785B2639EB93003422B3 /* StoreListVM.swift */,
				D6B6CE0D263C1B43006EAF64 /* StoreCodesVM.swift */,
				D6B6CE19263C2E27006EAF64 /* AddCodeVM.swift */,
				D6B6CE1F26405BC6006EAF64 /* CreateUserVM.swift */,
			);
			path = "View Models";
			sourceTree = "<group>";
		};
		D6B6CE13263C2289006EAF64 /* Views */ = {
			isa = PBXGroup;
			children = (
				D6B6CE10263C2286006EAF64 /* StoreCodesListView.swift */,
				D6B7E4DE265BFE63006CBD55 /* normalCodeCell.swift */,
				D6B7E4D9265BF1F6006CBD55 /* SpecialCodeCell.swift */,
				D6B6CE16263C2DE3006EAF64 /* AddCodeView.swift */,
				D6B6CE4B26484A0F006EAF64 /* MainView.swift */,
				D6B9E3D2265216F000C0E764 /* CodesView.swift */,
				D6B9E3D5265229B000C0E764 /* CopyHUD.swift */,
				D6B9E3D826532D8E00C0E764 /* CodeWithVotesView.swift */,
				D6AAA99126534DCD0097D571 /* TestCells.swift */,
				D64B93662655D13F00CF85B9 /* AddButton.swift */,
				D68B5D0D265C9F1000EE5159 /* SettingsView.swift */,
				D61AE6E226623B3E0080AA5C /* CategoriesScrollView.swift */,
				D61AE6E526628A0C0080AA5C /* CatigoriesView.swift */,
				D6BD0AB626691DE600D591DC /* PullToRefreshView.swift */,
				D6A34E5A26886EC5005DFEC5 /* SearchBar.swift */,
				D6A34E5C268A3A09005DFEC5 /* StoresView.swift */,
				D6B34FB82691D61E00F3984C /* Launch Screen.storyboard */,
			);
			path = Views;
			sourceTree = "<group>";
		};
/* End PBXGroup section */

/* Begin PBXNativeTarget section */
		D6354D81267A6833007040DE /* CodesUITests */ = {
			isa = PBXNativeTarget;
			buildConfigurationList = D6354D8B267A6833007040DE /* Build configuration list for PBXNativeTarget "CodesUITests" */;
			buildPhases = (
				D6354D7E267A6833007040DE /* Sources */,
				D6354D7F267A6833007040DE /* Frameworks */,
				D6354D80267A6833007040DE /* Resources */,
			);
			buildRules = (
			);
			dependencies = (
				D6354D88267A6833007040DE /* PBXTargetDependency */,
			);
			name = CodesUITests;
			productName = CodesUITests;
			productReference = D6354D82267A6833007040DE /* CodesUITests.xctest */;
			productType = "com.apple.product-type.bundle.ui-testing";
		};
		D6A977772639D552003422B3 /* Codes */ = {
			isa = PBXNativeTarget;
			buildConfigurationList = D6A977872639D553003422B3 /* Build configuration list for PBXNativeTarget "Codes" */;
			buildPhases = (
				8E9B1403B67684AA60F652A5 /* [CP] Check Pods Manifest.lock */,
				D6A977742639D552003422B3 /* Sources */,
				D6A977752639D552003422B3 /* Frameworks */,
				D6A977762639D552003422B3 /* Resources */,
				262FD71FEDBA4BB74FB0A0D4 /* [CP] Embed Pods Frameworks */,
			);
			buildRules = (
			);
			dependencies = (
			);
			name = Codes;
			productName = Codes;
			productReference = D6A977782639D552003422B3 /* Codes.app */;
			productType = "com.apple.product-type.application";
		};
/* End PBXNativeTarget section */

/* Begin PBXProject section */
		D6A977702639D552003422B3 /* Project object */ = {
			isa = PBXProject;
			attributes = {
				LastSwiftUpdateCheck = 1240;
				LastUpgradeCheck = 1240;
				TargetAttributes = {
					D6354D81267A6833007040DE = {
						CreatedOnToolsVersion = 12.4;
						TestTargetID = D6A977772639D552003422B3;
					};
					D6A977772639D552003422B3 = {
						CreatedOnToolsVersion = 12.4;
					};
				};
			};
			buildConfigurationList = D6A977732639D552003422B3 /* Build configuration list for PBXProject "Codes" */;
			compatibilityVersion = "Xcode 9.3";
			developmentRegion = en;
			hasScannedForEncodings = 0;
			knownRegions = (
				en,
				Base,
			);
			mainGroup = D6A9776F2639D552003422B3;
			packageReferences = (
			);
			productRefGroup = D6A977792639D552003422B3 /* Products */;
			projectDirPath = "";
			projectRoot = "";
			targets = (
				D6A977772639D552003422B3 /* Codes */,
				D6354D81267A6833007040DE /* CodesUITests */,
			);
		};
/* End PBXProject section */

/* Begin PBXResourcesBuildPhase section */
		D6354D80267A6833007040DE /* Resources */ = {
			isa = PBXResourcesBuildPhase;
			buildActionMask = 2147483647;
			files = (
			);
			runOnlyForDeploymentPostprocessing = 0;
		};
		D6A977762639D552003422B3 /* Resources */ = {
			isa = PBXResourcesBuildPhase;
			buildActionMask = 2147483647;
			files = (
				D6A977832639D553003422B3 /* Preview Assets.xcassets in Resources */,
				D6A9778C2639D985003422B3 /* GoogleService-Info.plist in Resources */,
				D6B34FB92691D61E00F3984C /* Launch Screen.storyboard in Resources */,
				D6A977802639D553003422B3 /* Assets.xcassets in Resources */,
			);
			runOnlyForDeploymentPostprocessing = 0;
		};
/* End PBXResourcesBuildPhase section */

/* Begin PBXShellScriptBuildPhase section */
		262FD71FEDBA4BB74FB0A0D4 /* [CP] Embed Pods Frameworks */ = {
			isa = PBXShellScriptBuildPhase;
			buildActionMask = 2147483647;
			files = (
			);
			inputFileListPaths = (
				"${PODS_ROOT}/Target Support Files/Pods-Codes/Pods-Codes-frameworks-${CONFIGURATION}-input-files.xcfilelist",
			);
			name = "[CP] Embed Pods Frameworks";
			outputFileListPaths = (
				"${PODS_ROOT}/Target Support Files/Pods-Codes/Pods-Codes-frameworks-${CONFIGURATION}-output-files.xcfilelist",
			);
			runOnlyForDeploymentPostprocessing = 0;
			shellPath = /bin/sh;
			shellScript = "\"${PODS_ROOT}/Target Support Files/Pods-Codes/Pods-Codes-frameworks.sh\"\n";
			showEnvVarsInLog = 0;
		};
		8E9B1403B67684AA60F652A5 /* [CP] Check Pods Manifest.lock */ = {
			isa = PBXShellScriptBuildPhase;
			buildActionMask = 2147483647;
			files = (
			);
			inputFileListPaths = (
			);
			inputPaths = (
				"${PODS_PODFILE_DIR_PATH}/Podfile.lock",
				"${PODS_ROOT}/Manifest.lock",
			);
			name = "[CP] Check Pods Manifest.lock";
			outputFileListPaths = (
			);
			outputPaths = (
				"$(DERIVED_FILE_DIR)/Pods-Codes-checkManifestLockResult.txt",
			);
			runOnlyForDeploymentPostprocessing = 0;
			shellPath = /bin/sh;
			shellScript = "diff \"${PODS_PODFILE_DIR_PATH}/Podfile.lock\" \"${PODS_ROOT}/Manifest.lock\" > /dev/null\nif [ $? != 0 ] ; then\n    # print error to STDERR\n    echo \"error: The sandbox is not in sync with the Podfile.lock. Run 'pod install' or update your CocoaPods installation.\" >&2\n    exit 1\nfi\n# This output is used by Xcode 'outputs' to avoid re-running this script phase.\necho \"SUCCESS\" > \"${SCRIPT_OUTPUT_FILE_0}\"\n";
			showEnvVarsInLog = 0;
		};
/* End PBXShellScriptBuildPhase section */

/* Begin PBXSourcesBuildPhase section */
		D6354D7E267A6833007040DE /* Sources */ = {
			isa = PBXSourcesBuildPhase;
			buildActionMask = 2147483647;
			files = (
				D6354D85267A6833007040DE /* CodesUITests.swift in Sources */,
			);
			runOnlyForDeploymentPostprocessing = 0;
		};
		D6A977742639D552003422B3 /* Sources */ = {
			isa = PBXSourcesBuildPhase;
			buildActionMask = 2147483647;
			files = (
				D61AE6E326623B3E0080AA5C /* CategoriesScrollView.swift in Sources */,
				D6B6CE2326407999006EAF64 /* User.swift in Sources */,
				D6B6CE4C26484A0F006EAF64 /* MainView.swift in Sources */,
				D6B7E4DF265BFE63006CBD55 /* normalCodeCell.swift in Sources */,
				D6BD0AB726691DE600D591DC /* PullToRefreshView.swift in Sources */,
				D6A978492639DDE6003422B3 /* Store.swift in Sources */,
				D6B6CE1A263C2E27006EAF64 /* AddCodeVM.swift in Sources */,
				D6B9E3D6265229B000C0E764 /* CopyHUD.swift in Sources */,
				D6A9777E2639D552003422B3 /* ContentView.swift in Sources */,
				D6A9785C2639EB93003422B3 /* StoreListVM.swift in Sources */,
				D6AAA99226534DCD0097D571 /* TestCells.swift in Sources */,
				D6B6CE0E263C1B43006EAF64 /* StoreCodesVM.swift in Sources */,
				D6A9777C2639D552003422B3 /* CodesApp.swift in Sources */,
				D6A34E5B26886EC5005DFEC5 /* SearchBar.swift in Sources */,
				D6B9E3D3265216F000C0E764 /* CodesView.swift in Sources */,
				D6B6CE0B263C1A34006EAF64 /* StoreCode.swift in Sources */,
				D6A978572639E953003422B3 /* View+Extensions.swift in Sources */,
				D6B9E3D926532D8F00C0E764 /* CodeWithVotesView.swift in Sources */,
				D6A34E5D268A3A09005DFEC5 /* StoresView.swift in Sources */,
				D6B7E4DA265BF1F6006CBD55 /* SpecialCodeCell.swift in Sources */,
				D61AE6E626628A0C0080AA5C /* CatigoriesView.swift in Sources */,
				D6B6CE17263C2DE3006EAF64 /* AddCodeView.swift in Sources */,
				D6B6CE11263C2286006EAF64 /* StoreCodesListView.swift in Sources */,
				D6A9784E2639DEB2003422B3 /* FireStoreManager.swift in Sources */,
				D6B6CE2026405BC6006EAF64 /* CreateUserVM.swift in Sources */,
				D64B93672655D13F00CF85B9 /* AddButton.swift in Sources */,
				D68B5D0E265C9F1000EE5159 /* SettingsView.swift in Sources */,
			);
			runOnlyForDeploymentPostprocessing = 0;
		};
/* End PBXSourcesBuildPhase section */

/* Begin PBXTargetDependency section */
		D6354D88267A6833007040DE /* PBXTargetDependency */ = {
			isa = PBXTargetDependency;
			target = D6A977772639D552003422B3 /* Codes */;
			targetProxy = D6354D87267A6833007040DE /* PBXContainerItemProxy */;
		};
/* End PBXTargetDependency section */

/* Begin XCBuildConfiguration section */
		D6354D89267A6833007040DE /* Debug */ = {
			isa = XCBuildConfiguration;
			buildSettings = {
				CODE_SIGN_STYLE = Automatic;
				DEVELOPMENT_TEAM = Z9UFZ937K2;
				INFOPLIST_FILE = CodesUITests/Info.plist;
				IPHONEOS_DEPLOYMENT_TARGET = 14.4;
				LD_RUNPATH_SEARCH_PATHS = (
					"$(inherited)",
					"@executable_path/Frameworks",
					"@loader_path/Frameworks",
				);
				PRODUCT_BUNDLE_IDENTIFIER = com.aljarba.CodesUITests;
				PRODUCT_NAME = "$(TARGET_NAME)";
				SWIFT_VERSION = 5.0;
				TARGETED_DEVICE_FAMILY = "1,2";
				TEST_TARGET_NAME = Codes;
			};
			name = Debug;
		};
		D6354D8A267A6833007040DE /* Release */ = {
			isa = XCBuildConfiguration;
			buildSettings = {
				CODE_SIGN_STYLE = Automatic;
				DEVELOPMENT_TEAM = Z9UFZ937K2;
				INFOPLIST_FILE = CodesUITests/Info.plist;
				IPHONEOS_DEPLOYMENT_TARGET = 14.4;
				LD_RUNPATH_SEARCH_PATHS = (
					"$(inherited)",
					"@executable_path/Frameworks",
					"@loader_path/Frameworks",
				);
				PRODUCT_BUNDLE_IDENTIFIER = com.aljarba.CodesUITests;
				PRODUCT_NAME = "$(TARGET_NAME)";
				SWIFT_VERSION = 5.0;
				TARGETED_DEVICE_FAMILY = "1,2";
				TEST_TARGET_NAME = Codes;
			};
			name = Release;
		};
		D6A977852639D553003422B3 /* Debug */ = {
			isa = XCBuildConfiguration;
			buildSettings = {
				ALWAYS_EMBED_SWIFT_STANDARD_LIBRARIES = NO;
				ALWAYS_SEARCH_USER_PATHS = NO;
				CLANG_ANALYZER_NONNULL = YES;
				CLANG_ANALYZER_NUMBER_OBJECT_CONVERSION = YES_AGGRESSIVE;
				CLANG_CXX_LANGUAGE_STANDARD = "gnu++14";
				CLANG_CXX_LIBRARY = "libc++";
				CLANG_ENABLE_MODULES = YES;
				CLANG_ENABLE_OBJC_ARC = YES;
				CLANG_ENABLE_OBJC_WEAK = YES;
				CLANG_WARN_BLOCK_CAPTURE_AUTORELEASING = YES;
				CLANG_WARN_BOOL_CONVERSION = YES;
				CLANG_WARN_COMMA = YES;
				CLANG_WARN_CONSTANT_CONVERSION = YES;
				CLANG_WARN_DEPRECATED_OBJC_IMPLEMENTATIONS = YES;
				CLANG_WARN_DIRECT_OBJC_ISA_USAGE = YES_ERROR;
				CLANG_WARN_DOCUMENTATION_COMMENTS = YES;
				CLANG_WARN_EMPTY_BODY = YES;
				CLANG_WARN_ENUM_CONVERSION = YES;
				CLANG_WARN_INFINITE_RECURSION = YES;
				CLANG_WARN_INT_CONVERSION = YES;
				CLANG_WARN_NON_LITERAL_NULL_CONVERSION = YES;
				CLANG_WARN_OBJC_IMPLICIT_RETAIN_SELF = YES;
				CLANG_WARN_OBJC_LITERAL_CONVERSION = YES;
				CLANG_WARN_OBJC_ROOT_CLASS = YES_ERROR;
				CLANG_WARN_QUOTED_INCLUDE_IN_FRAMEWORK_HEADER = YES;
				CLANG_WARN_RANGE_LOOP_ANALYSIS = YES;
				CLANG_WARN_STRICT_PROTOTYPES = YES;
				CLANG_WARN_SUSPICIOUS_MOVE = YES;
				CLANG_WARN_UNGUARDED_AVAILABILITY = YES_AGGRESSIVE;
				CLANG_WARN_UNREACHABLE_CODE = YES;
				CLANG_WARN__DUPLICATE_METHOD_MATCH = YES;
				COPY_PHASE_STRIP = NO;
				DEBUG_INFORMATION_FORMAT = dwarf;
				ENABLE_STRICT_OBJC_MSGSEND = YES;
				ENABLE_TESTABILITY = YES;
				"EXCLUDED_ARCHS[sdk=iphonesimulator*]" = arm64;
				GCC_C_LANGUAGE_STANDARD = gnu11;
				GCC_DYNAMIC_NO_PIC = NO;
				GCC_NO_COMMON_BLOCKS = YES;
				GCC_OPTIMIZATION_LEVEL = 0;
				GCC_PREPROCESSOR_DEFINITIONS = (
					"DEBUG=1",
					"$(inherited)",
				);
				GCC_WARN_64_TO_32_BIT_CONVERSION = YES;
				GCC_WARN_ABOUT_RETURN_TYPE = YES_ERROR;
				GCC_WARN_UNDECLARED_SELECTOR = YES;
				GCC_WARN_UNINITIALIZED_AUTOS = YES_AGGRESSIVE;
				GCC_WARN_UNUSED_FUNCTION = YES;
				GCC_WARN_UNUSED_VARIABLE = YES;
				IPHONEOS_DEPLOYMENT_TARGET = 13.0;
				MTL_ENABLE_DEBUG_INFO = INCLUDE_SOURCE;
				MTL_FAST_MATH = YES;
				ONLY_ACTIVE_ARCH = YES;
				SDKROOT = iphoneos;
				SWIFT_ACTIVE_COMPILATION_CONDITIONS = DEBUG;
				SWIFT_OPTIMIZATION_LEVEL = "-Onone";
			};
			name = Debug;
		};
		D6A977862639D553003422B3 /* Release */ = {
			isa = XCBuildConfiguration;
			buildSettings = {
				ALWAYS_EMBED_SWIFT_STANDARD_LIBRARIES = NO;
				ALWAYS_SEARCH_USER_PATHS = NO;
				CLANG_ANALYZER_NONNULL = YES;
				CLANG_ANALYZER_NUMBER_OBJECT_CONVERSION = YES_AGGRESSIVE;
				CLANG_CXX_LANGUAGE_STANDARD = "gnu++14";
				CLANG_CXX_LIBRARY = "libc++";
				CLANG_ENABLE_MODULES = YES;
				CLANG_ENABLE_OBJC_ARC = YES;
				CLANG_ENABLE_OBJC_WEAK = YES;
				CLANG_WARN_BLOCK_CAPTURE_AUTORELEASING = YES;
				CLANG_WARN_BOOL_CONVERSION = YES;
				CLANG_WARN_COMMA = YES;
				CLANG_WARN_CONSTANT_CONVERSION = YES;
				CLANG_WARN_DEPRECATED_OBJC_IMPLEMENTATIONS = YES;
				CLANG_WARN_DIRECT_OBJC_ISA_USAGE = YES_ERROR;
				CLANG_WARN_DOCUMENTATION_COMMENTS = YES;
				CLANG_WARN_EMPTY_BODY = YES;
				CLANG_WARN_ENUM_CONVERSION = YES;
				CLANG_WARN_INFINITE_RECURSION = YES;
				CLANG_WARN_INT_CONVERSION = YES;
				CLANG_WARN_NON_LITERAL_NULL_CONVERSION = YES;
				CLANG_WARN_OBJC_IMPLICIT_RETAIN_SELF = YES;
				CLANG_WARN_OBJC_LITERAL_CONVERSION = YES;
				CLANG_WARN_OBJC_ROOT_CLASS = YES_ERROR;
				CLANG_WARN_QUOTED_INCLUDE_IN_FRAMEWORK_HEADER = YES;
				CLANG_WARN_RANGE_LOOP_ANALYSIS = YES;
				CLANG_WARN_STRICT_PROTOTYPES = YES;
				CLANG_WARN_SUSPICIOUS_MOVE = YES;
				CLANG_WARN_UNGUARDED_AVAILABILITY = YES_AGGRESSIVE;
				CLANG_WARN_UNREACHABLE_CODE = YES;
				CLANG_WARN__DUPLICATE_METHOD_MATCH = YES;
				COPY_PHASE_STRIP = NO;
				DEBUG_INFORMATION_FORMAT = "dwarf-with-dsym";
				ENABLE_NS_ASSERTIONS = NO;
				ENABLE_STRICT_OBJC_MSGSEND = YES;
				"EXCLUDED_ARCHS[sdk=iphonesimulator*]" = arm64;
				GCC_C_LANGUAGE_STANDARD = gnu11;
				GCC_NO_COMMON_BLOCKS = YES;
				GCC_WARN_64_TO_32_BIT_CONVERSION = YES;
				GCC_WARN_ABOUT_RETURN_TYPE = YES_ERROR;
				GCC_WARN_UNDECLARED_SELECTOR = YES;
				GCC_WARN_UNINITIALIZED_AUTOS = YES_AGGRESSIVE;
				GCC_WARN_UNUSED_FUNCTION = YES;
				GCC_WARN_UNUSED_VARIABLE = YES;
				IPHONEOS_DEPLOYMENT_TARGET = 13.0;
				MTL_ENABLE_DEBUG_INFO = NO;
				MTL_FAST_MATH = YES;
				SDKROOT = iphoneos;
				SWIFT_COMPILATION_MODE = wholemodule;
				SWIFT_OPTIMIZATION_LEVEL = "-O";
				VALIDATE_PRODUCT = YES;
			};
			name = Release;
		};
		D6A977882639D553003422B3 /* Debug */ = {
			isa = XCBuildConfiguration;
			baseConfigurationReference = 60015501F9806FAEE609B3B2 /* Pods-Codes.debug.xcconfig */;
			buildSettings = {
				ASSETCATALOG_COMPILER_APPICON_NAME = AppIcon;
				ASSETCATALOG_COMPILER_GLOBAL_ACCENT_COLOR_NAME = AccentColor;
				CODE_SIGN_ENTITLEMENTS = Codes/Codes.entitlements;
				CODE_SIGN_STYLE = Automatic;
				DEVELOPMENT_ASSET_PATHS = "\"Codes/Preview Content\"";
				DEVELOPMENT_TEAM = Z9UFZ937K2;
				ENABLE_PREVIEWS = YES;
				"EXCLUDED_ARCHS[sdk=iphonesimulator*]" = arm64;
				FRAMEWORK_SEARCH_PATHS = (
					"$(inherited)",
					"\"${PODS_CONFIGURATION_BUILD_DIR}/BoringSSL-GRPC\"",
					"\"${PODS_CONFIGURATION_BUILD_DIR}/FirebaseAuth\"",
					"\"${PODS_CONFIGURATION_BUILD_DIR}/FirebaseCore\"",
					"\"${PODS_CONFIGURATION_BUILD_DIR}/FirebaseCoreDiagnostics\"",
					"\"${PODS_CONFIGURATION_BUILD_DIR}/FirebaseFirestore\"",
					"\"${PODS_CONFIGURATION_BUILD_DIR}/FirebaseFirestoreSwift\"",
					"\"${PODS_CONFIGURATION_BUILD_DIR}/FirebaseInstallations\"",
					"\"${PODS_CONFIGURATION_BUILD_DIR}/FirebaseInstanceID\"",
					"\"${PODS_CONFIGURATION_BUILD_DIR}/FirebaseStorage\"",
					"\"${PODS_CONFIGURATION_BUILD_DIR}/GTMSessionFetcher\"",
					"\"${PODS_CONFIGURATION_BUILD_DIR}/GoogleDataTransport\"",
					"\"${PODS_CONFIGURATION_BUILD_DIR}/GoogleUtilities\"",
					"\"${PODS_CONFIGURATION_BUILD_DIR}/PromisesObjC\"",
					"\"${PODS_CONFIGURATION_BUILD_DIR}/Protobuf\"",
					"\"${PODS_CONFIGURATION_BUILD_DIR}/abseil\"",
					"\"${PODS_CONFIGURATION_BUILD_DIR}/gRPC-C++\"",
					"\"${PODS_CONFIGURATION_BUILD_DIR}/gRPC-Core\"",
					"\"${PODS_CONFIGURATION_BUILD_DIR}/leveldb-library\"",
					"\"${PODS_CONFIGURATION_BUILD_DIR}/nanopb\"",
					"\"${PODS_ROOT}/FirebaseAnalytics/Frameworks\"",
					"\"${PODS_ROOT}/GoogleAppMeasurement/Frameworks\"",
				);
				INFOPLIST_FILE = Codes/Info.plist;
				IPHONEOS_DEPLOYMENT_TARGET = 14.0;
				LD_RUNPATH_SEARCH_PATHS = (
					"$(inherited)",
					"@executable_path/Frameworks",
				);
				OTHER_LDFLAGS = (
					"$(inherited)",
					"-ObjC",
					"-l\"c++\"",
					"-l\"sqlite3\"",
					"-l\"z\"",
					"-framework",
					"\"CoreTelephony\"",
					"-framework",
					"\"FBLPromises\"",
					"-framework",
					"\"FIRAnalyticsConnector\"",
					"-framework",
					"\"FirebaseAnalytics\"",
					"-framework",
					"\"FirebaseAuth\"",
					"-framework",
					"\"FirebaseCore\"",
					"-framework",
					"\"FirebaseCoreDiagnostics\"",
					"-framework",
					"\"FirebaseFirestore\"",
					"-framework",
					"\"FirebaseFirestoreSwift\"",
					"-framework",
					"\"FirebaseInstallations\"",
					"-framework",
					"\"FirebaseStorage\"",
					"-framework",
					"\"Foundation\"",
					"-framework",
					"\"GTMSessionFetcher\"",
					"-framework",
					"\"GoogleAppMeasurement\"",
					"-framework",
					"\"GoogleDataTransport\"",
					"-framework",
					"\"GoogleUtilities\"",
					"-framework",
					"\"MobileCoreServices\"",
					"-framework",
					"\"SafariServices\"",
					"-framework",
					"\"Security\"",
					"-framework",
					"\"StoreKit\"",
					"-framework",
					"\"SystemConfiguration\"",
					"-framework",
					"\"UIKit\"",
					"-framework",
					"\"absl\"",
					"-framework",
					"\"grpc\"",
					"-framework",
					"\"grpcpp\"",
					"-framework",
					"\"leveldb\"",
					"-framework",
					"\"nanopb\"",
					"-framework",
					"\"openssl_grpc\"",
					"-weak_framework",
					"\"UserNotifications\"",
				);
				PRODUCT_BUNDLE_IDENTIFIER = com.aljarba.Codes;
				PRODUCT_NAME = "$(TARGET_NAME)";
				SWIFT_VERSION = 5.0;
				TARGETED_DEVICE_FAMILY = 1;
			};
			name = Debug;
		};
		D6A977892639D553003422B3 /* Release */ = {
			isa = XCBuildConfiguration;
			baseConfigurationReference = E8831FC40442C47D6AEC1A10 /* Pods-Codes.release.xcconfig */;
			buildSettings = {
				ASSETCATALOG_COMPILER_APPICON_NAME = AppIcon;
				ASSETCATALOG_COMPILER_GLOBAL_ACCENT_COLOR_NAME = AccentColor;
				CODE_SIGN_ENTITLEMENTS = Codes/Codes.entitlements;
				CODE_SIGN_STYLE = Automatic;
				DEVELOPMENT_ASSET_PATHS = "\"Codes/Preview Content\"";
				DEVELOPMENT_TEAM = Z9UFZ937K2;
				ENABLE_PREVIEWS = YES;
				"EXCLUDED_ARCHS[sdk=iphonesimulator*]" = arm64;
				FRAMEWORK_SEARCH_PATHS = (
					"$(inherited)",
					"\"${PODS_CONFIGURATION_BUILD_DIR}/BoringSSL-GRPC\"",
					"\"${PODS_CONFIGURATION_BUILD_DIR}/FirebaseAuth\"",
					"\"${PODS_CONFIGURATION_BUILD_DIR}/FirebaseCore\"",
					"\"${PODS_CONFIGURATION_BUILD_DIR}/FirebaseCoreDiagnostics\"",
					"\"${PODS_CONFIGURATION_BUILD_DIR}/FirebaseFirestore\"",
					"\"${PODS_CONFIGURATION_BUILD_DIR}/FirebaseFirestoreSwift\"",
					"\"${PODS_CONFIGURATION_BUILD_DIR}/FirebaseInstallations\"",
					"\"${PODS_CONFIGURATION_BUILD_DIR}/FirebaseInstanceID\"",
					"\"${PODS_CONFIGURATION_BUILD_DIR}/FirebaseStorage\"",
					"\"${PODS_CONFIGURATION_BUILD_DIR}/GTMSessionFetcher\"",
					"\"${PODS_CONFIGURATION_BUILD_DIR}/GoogleDataTransport\"",
					"\"${PODS_CONFIGURATION_BUILD_DIR}/GoogleUtilities\"",
					"\"${PODS_CONFIGURATION_BUILD_DIR}/PromisesObjC\"",
					"\"${PODS_CONFIGURATION_BUILD_DIR}/Protobuf\"",
					"\"${PODS_CONFIGURATION_BUILD_DIR}/abseil\"",
					"\"${PODS_CONFIGURATION_BUILD_DIR}/gRPC-C++\"",
					"\"${PODS_CONFIGURATION_BUILD_DIR}/gRPC-Core\"",
					"\"${PODS_CONFIGURATION_BUILD_DIR}/leveldb-library\"",
					"\"${PODS_CONFIGURATION_BUILD_DIR}/nanopb\"",
					"\"${PODS_ROOT}/FirebaseAnalytics/Frameworks\"",
					"\"${PODS_ROOT}/GoogleAppMeasurement/Frameworks\"",
				);
				INFOPLIST_FILE = Codes/Info.plist;
				IPHONEOS_DEPLOYMENT_TARGET = 14.0;
				LD_RUNPATH_SEARCH_PATHS = (
					"$(inherited)",
					"@executable_path/Frameworks",
				);
				OTHER_LDFLAGS = (
					"$(inherited)",
					"-ObjC",
					"-l\"c++\"",
					"-l\"sqlite3\"",
					"-l\"z\"",
					"-framework",
					"\"CoreTelephony\"",
					"-framework",
					"\"FBLPromises\"",
					"-framework",
					"\"FIRAnalyticsConnector\"",
					"-framework",
					"\"FirebaseAnalytics\"",
					"-framework",
					"\"FirebaseAuth\"",
					"-framework",
					"\"FirebaseCore\"",
					"-framework",
					"\"FirebaseCoreDiagnostics\"",
					"-framework",
					"\"FirebaseFirestore\"",
					"-framework",
					"\"FirebaseFirestoreSwift\"",
					"-framework",
					"\"FirebaseInstallations\"",
					"-framework",
					"\"FirebaseStorage\"",
					"-framework",
					"\"Foundation\"",
					"-framework",
					"\"GTMSessionFetcher\"",
					"-framework",
					"\"GoogleAppMeasurement\"",
					"-framework",
					"\"GoogleDataTransport\"",
					"-framework",
					"\"GoogleUtilities\"",
					"-framework",
					"\"MobileCoreServices\"",
					"-framework",
					"\"SafariServices\"",
					"-framework",
					"\"Security\"",
					"-framework",
					"\"StoreKit\"",
					"-framework",
					"\"SystemConfiguration\"",
					"-framework",
					"\"UIKit\"",
					"-framework",
					"\"absl\"",
					"-framework",
					"\"grpc\"",
					"-framework",
					"\"grpcpp\"",
					"-framework",
					"\"leveldb\"",
					"-framework",
					"\"nanopb\"",
					"-framework",
					"\"openssl_grpc\"",
					"-weak_framework",
					"\"UserNotifications\"",
				);
				PRODUCT_BUNDLE_IDENTIFIER = com.aljarba.Codes;
				PRODUCT_NAME = "$(TARGET_NAME)";
				SWIFT_VERSION = 5.0;
				TARGETED_DEVICE_FAMILY = 1;
			};
			name = Release;
		};
/* End XCBuildConfiguration section */

/* Begin XCConfigurationList section */
		D6354D8B267A6833007040DE /* Build configuration list for PBXNativeTarget "CodesUITests" */ = {
			isa = XCConfigurationList;
			buildConfigurations = (
				D6354D89267A6833007040DE /* Debug */,
				D6354D8A267A6833007040DE /* Release */,
			);
			defaultConfigurationIsVisible = 0;
			defaultConfigurationName = Release;
		};
		D6A977732639D552003422B3 /* Build configuration list for PBXProject "Codes" */ = {
			isa = XCConfigurationList;
			buildConfigurations = (
				D6A977852639D553003422B3 /* Debug */,
				D6A977862639D553003422B3 /* Release */,
			);
			defaultConfigurationIsVisible = 0;
			defaultConfigurationName = Release;
		};
		D6A977872639D553003422B3 /* Build configuration list for PBXNativeTarget "Codes" */ = {
			isa = XCConfigurationList;
			buildConfigurations = (
				D6A977882639D553003422B3 /* Debug */,
				D6A977892639D553003422B3 /* Release */,
			);
			defaultConfigurationIsVisible = 0;
			defaultConfigurationName = Release;
		};
/* End XCConfigurationList section */
	};
	rootObject = D6A977702639D552003422B3 /* Project object */;
}
